// !$*UTF8*$!
{
	archiveVersion = 1;
	classes = {
	};
	objectVersion = 46;
	objects = {

/* Begin PBXBuildFile section */
		7D2A00F20FB7C242FE01A3C1 /* Pods_ProxitudeUITests.framework in Frameworks */ = {isa = PBXBuildFile; fileRef = C50C7B42DF16796FB2EE2C6E /* Pods_ProxitudeUITests.framework */; };
		911D1A126DCF35EF7D71F276 /* Pods_Proxitude.framework in Frameworks */ = {isa = PBXBuildFile; fileRef = ACB1D54171A8AB5CEC30786F /* Pods_Proxitude.framework */; };
		9E0CD0091DE8EB51000C1FF9 /* SaveTableViewController.swift in Sources */ = {isa = PBXBuildFile; fileRef = 9E0CD0081DE8EB51000C1FF9 /* SaveTableViewController.swift */; };
		9E0CD00B1DE8EB64000C1FF9 /* ProfileTableViewController.swift in Sources */ = {isa = PBXBuildFile; fileRef = 9E0CD00A1DE8EB64000C1FF9 /* ProfileTableViewController.swift */; };
		9E0CD00D1DE91C40000C1FF9 /* QRCodeViewController.swift in Sources */ = {isa = PBXBuildFile; fileRef = 9E0CD00C1DE91C40000C1FF9 /* QRCodeViewController.swift */; };
		9E0CD00F1DE91C6D000C1FF9 /* AVFoundation.framework in Frameworks */ = {isa = PBXBuildFile; fileRef = 9E0CD00E1DE91C6D000C1FF9 /* AVFoundation.framework */; };
		9E0CD0111DE92307000C1FF9 /* ChooseTagsTableViewController.swift in Sources */ = {isa = PBXBuildFile; fileRef = 9E0CD0101DE92307000C1FF9 /* ChooseTagsTableViewController.swift */; };
		9E486C7F1DE8DEE1003CDBBE /* ProfileTableViewCell.swift in Sources */ = {isa = PBXBuildFile; fileRef = 9E486C7D1DE8DEE1003CDBBE /* ProfileTableViewCell.swift */; };
		9E486C801DE8DEE1003CDBBE /* ProfileTableViewCell.xib in Resources */ = {isa = PBXBuildFile; fileRef = 9E486C7E1DE8DEE1003CDBBE /* ProfileTableViewCell.xib */; };
		9E486C821DE8E000003CDBBE /* HomeTableViewController.swift in Sources */ = {isa = PBXBuildFile; fileRef = 9E486C811DE8E000003CDBBE /* HomeTableViewController.swift */; };
		9E486C841DE8E409003CDBBE /* HomePageSlideView.swift in Sources */ = {isa = PBXBuildFile; fileRef = 9E486C831DE8E409003CDBBE /* HomePageSlideView.swift */; };
		9E5130471DE8CBCF0014140B /* cell.xcassets in Resources */ = {isa = PBXBuildFile; fileRef = 9E5130461DE8CBCF0014140B /* cell.xcassets */; };
		9E5130571DE8CBD70014140B /* CustomTableViewCell.swift in Sources */ = {isa = PBXBuildFile; fileRef = 9E5130481DE8CBD60014140B /* CustomTableViewCell.swift */; };
		9E5130581DE8CBD70014140B /* icons.xcassets in Resources */ = {isa = PBXBuildFile; fileRef = 9E5130491DE8CBD60014140B /* icons.xcassets */; };
		9E5130591DE8CBD70014140B /* ImagesTableViewCell.swift in Sources */ = {isa = PBXBuildFile; fileRef = 9E51304A1DE8CBD60014140B /* ImagesTableViewCell.swift */; };
		9E51305A1DE8CBD70014140B /* Info.plist in Resources */ = {isa = PBXBuildFile; fileRef = 9E51304B1DE8CBD60014140B /* Info.plist */; };
		9E51305C1DE8CBD70014140B /* ItemDetailViewController.swift in Sources */ = {isa = PBXBuildFile; fileRef = 9E51304D1DE8CBD60014140B /* ItemDetailViewController.swift */; };
		9E51305D1DE8CBD70014140B /* ItemTableViewCell.swift in Sources */ = {isa = PBXBuildFile; fileRef = 9E51304E1DE8CBD60014140B /* ItemTableViewCell.swift */; };
		9E51305E1DE8CBD70014140B /* ItemTableViewCell.xib in Resources */ = {isa = PBXBuildFile; fileRef = 9E51304F1DE8CBD60014140B /* ItemTableViewCell.xib */; };
		9E51305F1DE8CBD70014140B /* LogInViewController.swift in Sources */ = {isa = PBXBuildFile; fileRef = 9E5130501DE8CBD60014140B /* LogInViewController.swift */; };
		9E5130601DE8CBD70014140B /* LogInViewController.xib in Resources */ = {isa = PBXBuildFile; fileRef = 9E5130511DE8CBD60014140B /* LogInViewController.xib */; };
		9E5130611DE8CBD70014140B /* MasterViewController.swift in Sources */ = {isa = PBXBuildFile; fileRef = 9E5130521DE8CBD60014140B /* MasterViewController.swift */; };
		9E5130621DE8CBD70014140B /* PostItemViewController.swift in Sources */ = {isa = PBXBuildFile; fileRef = 9E5130531DE8CBD60014140B /* PostItemViewController.swift */; };
		9E5130631DE8CBD70014140B /* SearchResultTableViewController.swift in Sources */ = {isa = PBXBuildFile; fileRef = 9E5130541DE8CBD70014140B /* SearchResultTableViewController.swift */; };
		9E5130641DE8CBD70014140B /* SearchViewController.swift in Sources */ = {isa = PBXBuildFile; fileRef = 9E5130551DE8CBD70014140B /* SearchViewController.swift */; };
		9E5130651DE8CBD70014140B /* TagTableViewCell.xib in Resources */ = {isa = PBXBuildFile; fileRef = 9E5130561DE8CBD70014140B /* TagTableViewCell.xib */; };
		9E51306C1DE8CF4F0014140B /* ContactTableViewCell.swift in Sources */ = {isa = PBXBuildFile; fileRef = 9E51306A1DE8CF4F0014140B /* ContactTableViewCell.swift */; };
		9E51306D1DE8CF4F0014140B /* ContactTableViewCell.xib in Resources */ = {isa = PBXBuildFile; fileRef = 9E51306B1DE8CF4F0014140B /* ContactTableViewCell.xib */; };
		9E59FC741DE4FD66000DF062 /* AppDelegate.swift in Sources */ = {isa = PBXBuildFile; fileRef = 9E59FC731DE4FD66000DF062 /* AppDelegate.swift */; };
		9E59FC7B1DE4FD66000DF062 /* Main.storyboard in Resources */ = {isa = PBXBuildFile; fileRef = 9E59FC791DE4FD66000DF062 /* Main.storyboard */; };
		9E59FC7D1DE4FD67000DF062 /* Assets.xcassets in Resources */ = {isa = PBXBuildFile; fileRef = 9E59FC7C1DE4FD67000DF062 /* Assets.xcassets */; };
		9E59FC801DE4FD67000DF062 /* LaunchScreen.storyboard in Resources */ = {isa = PBXBuildFile; fileRef = 9E59FC7E1DE4FD67000DF062 /* LaunchScreen.storyboard */; };
		9E59FC8B1DE4FD67000DF062 /* ProxitudeTests.swift in Sources */ = {isa = PBXBuildFile; fileRef = 9E59FC8A1DE4FD67000DF062 /* ProxitudeTests.swift */; };
		9E59FC961DE4FD67000DF062 /* ProxitudeUITests.swift in Sources */ = {isa = PBXBuildFile; fileRef = 9E59FC951DE4FD67000DF062 /* ProxitudeUITests.swift */; };
		9E69B4AB1DE9671700AAAC0C /* Query.swift in Sources */ = {isa = PBXBuildFile; fileRef = 9E69B4AA1DE9671700AAAC0C /* Query.swift */; };
		9E69B4AD1DE9755D00AAAC0C /* Contact.swift in Sources */ = {isa = PBXBuildFile; fileRef = 9E69B4AC1DE9755D00AAAC0C /* Contact.swift */; };
		9EEDD3F51DE93106007D7D58 /* Item.swift in Sources */ = {isa = PBXBuildFile; fileRef = 9EEDD3F41DE93106007D7D58 /* Item.swift */; };
		9EEDD3F71DE93187007D7D58 /* GoogleService-Info.plist in Resources */ = {isa = PBXBuildFile; fileRef = 9EEDD3F61DE93187007D7D58 /* GoogleService-Info.plist */; };
		D36C4FAD2B6773CA3D9606A3 /* Pods_ProxitudeTests.framework in Frameworks */ = {isa = PBXBuildFile; fileRef = 9B2A57A340003F250F1EF544 /* Pods_ProxitudeTests.framework */; };
/* End PBXBuildFile section */

/* Begin PBXContainerItemProxy section */
		9E59FC871DE4FD67000DF062 /* PBXContainerItemProxy */ = {
			isa = PBXContainerItemProxy;
			containerPortal = 9E59FC681DE4FD66000DF062 /* Project object */;
			proxyType = 1;
			remoteGlobalIDString = 9E59FC6F1DE4FD66000DF062;
			remoteInfo = Proxitude;
		};
		9E59FC921DE4FD67000DF062 /* PBXContainerItemProxy */ = {
			isa = PBXContainerItemProxy;
			containerPortal = 9E59FC681DE4FD66000DF062 /* Project object */;
			proxyType = 1;
			remoteGlobalIDString = 9E59FC6F1DE4FD66000DF062;
			remoteInfo = Proxitude;
		};
/* End PBXContainerItemProxy section */

/* Begin PBXFileReference section */
		09AD33B7D80115C9232CE6DA /* Pods-ProxitudeUITests.debug.xcconfig */ = {isa = PBXFileReference; includeInIndex = 1; lastKnownFileType = text.xcconfig; name = "Pods-ProxitudeUITests.debug.xcconfig"; path = "Pods/Target Support Files/Pods-ProxitudeUITests/Pods-ProxitudeUITests.debug.xcconfig"; sourceTree = "<group>"; };
		2C3EE2E79B0A533F8AE8FF7F /* Pods-ProxitudeTests.release.xcconfig */ = {isa = PBXFileReference; includeInIndex = 1; lastKnownFileType = text.xcconfig; name = "Pods-ProxitudeTests.release.xcconfig"; path = "Pods/Target Support Files/Pods-ProxitudeTests/Pods-ProxitudeTests.release.xcconfig"; sourceTree = "<group>"; };
		9B2A57A340003F250F1EF544 /* Pods_ProxitudeTests.framework */ = {isa = PBXFileReference; explicitFileType = wrapper.framework; includeInIndex = 0; path = Pods_ProxitudeTests.framework; sourceTree = BUILT_PRODUCTS_DIR; };
		9E0CD0081DE8EB51000C1FF9 /* SaveTableViewController.swift */ = {isa = PBXFileReference; fileEncoding = 4; lastKnownFileType = sourcecode.swift; path = SaveTableViewController.swift; sourceTree = "<group>"; };
		9E0CD00A1DE8EB64000C1FF9 /* ProfileTableViewController.swift */ = {isa = PBXFileReference; fileEncoding = 4; lastKnownFileType = sourcecode.swift; path = ProfileTableViewController.swift; sourceTree = "<group>"; };
		9E0CD00C1DE91C40000C1FF9 /* QRCodeViewController.swift */ = {isa = PBXFileReference; fileEncoding = 4; lastKnownFileType = sourcecode.swift; path = QRCodeViewController.swift; sourceTree = "<group>"; };
		9E0CD00E1DE91C6D000C1FF9 /* AVFoundation.framework */ = {isa = PBXFileReference; lastKnownFileType = wrapper.framework; name = AVFoundation.framework; path = System/Library/Frameworks/AVFoundation.framework; sourceTree = SDKROOT; };
		9E0CD0101DE92307000C1FF9 /* ChooseTagsTableViewController.swift */ = {isa = PBXFileReference; fileEncoding = 4; lastKnownFileType = sourcecode.swift; path = ChooseTagsTableViewController.swift; sourceTree = "<group>"; };
		9E486C7D1DE8DEE1003CDBBE /* ProfileTableViewCell.swift */ = {isa = PBXFileReference; fileEncoding = 4; lastKnownFileType = sourcecode.swift; path = ProfileTableViewCell.swift; sourceTree = "<group>"; };
		9E486C7E1DE8DEE1003CDBBE /* ProfileTableViewCell.xib */ = {isa = PBXFileReference; fileEncoding = 4; lastKnownFileType = file.xib; path = ProfileTableViewCell.xib; sourceTree = "<group>"; };
		9E486C811DE8E000003CDBBE /* HomeTableViewController.swift */ = {isa = PBXFileReference; fileEncoding = 4; lastKnownFileType = sourcecode.swift; path = HomeTableViewController.swift; sourceTree = "<group>"; };
		9E486C831DE8E409003CDBBE /* HomePageSlideView.swift */ = {isa = PBXFileReference; fileEncoding = 4; lastKnownFileType = sourcecode.swift; path = HomePageSlideView.swift; sourceTree = "<group>"; };
		9E5130461DE8CBCF0014140B /* cell.xcassets */ = {isa = PBXFileReference; lastKnownFileType = folder.assetcatalog; path = cell.xcassets; sourceTree = "<group>"; };
		9E5130481DE8CBD60014140B /* CustomTableViewCell.swift */ = {isa = PBXFileReference; fileEncoding = 4; lastKnownFileType = sourcecode.swift; path = CustomTableViewCell.swift; sourceTree = "<group>"; };
		9E5130491DE8CBD60014140B /* icons.xcassets */ = {isa = PBXFileReference; lastKnownFileType = folder.assetcatalog; path = icons.xcassets; sourceTree = "<group>"; };
		9E51304A1DE8CBD60014140B /* ImagesTableViewCell.swift */ = {isa = PBXFileReference; fileEncoding = 4; lastKnownFileType = sourcecode.swift; path = ImagesTableViewCell.swift; sourceTree = "<group>"; };
		9E51304B1DE8CBD60014140B /* Info.plist */ = {isa = PBXFileReference; fileEncoding = 4; lastKnownFileType = text.plist.xml; path = Info.plist; sourceTree = "<group>"; };
		9E51304D1DE8CBD60014140B /* ItemDetailViewController.swift */ = {isa = PBXFileReference; fileEncoding = 4; lastKnownFileType = sourcecode.swift; path = ItemDetailViewController.swift; sourceTree = "<group>"; };
		9E51304E1DE8CBD60014140B /* ItemTableViewCell.swift */ = {isa = PBXFileReference; fileEncoding = 4; lastKnownFileType = sourcecode.swift; path = ItemTableViewCell.swift; sourceTree = "<group>"; };
		9E51304F1DE8CBD60014140B /* ItemTableViewCell.xib */ = {isa = PBXFileReference; fileEncoding = 4; lastKnownFileType = file.xib; path = ItemTableViewCell.xib; sourceTree = "<group>"; };
		9E5130501DE8CBD60014140B /* LogInViewController.swift */ = {isa = PBXFileReference; fileEncoding = 4; lastKnownFileType = sourcecode.swift; path = LogInViewController.swift; sourceTree = "<group>"; };
		9E5130511DE8CBD60014140B /* LogInViewController.xib */ = {isa = PBXFileReference; fileEncoding = 4; lastKnownFileType = file.xib; path = LogInViewController.xib; sourceTree = "<group>"; };
		9E5130521DE8CBD60014140B /* MasterViewController.swift */ = {isa = PBXFileReference; fileEncoding = 4; lastKnownFileType = sourcecode.swift; path = MasterViewController.swift; sourceTree = "<group>"; };
		9E5130531DE8CBD60014140B /* PostItemViewController.swift */ = {isa = PBXFileReference; fileEncoding = 4; lastKnownFileType = sourcecode.swift; path = PostItemViewController.swift; sourceTree = "<group>"; };
		9E5130541DE8CBD70014140B /* SearchResultTableViewController.swift */ = {isa = PBXFileReference; fileEncoding = 4; lastKnownFileType = sourcecode.swift; path = SearchResultTableViewController.swift; sourceTree = "<group>"; };
		9E5130551DE8CBD70014140B /* SearchViewController.swift */ = {isa = PBXFileReference; fileEncoding = 4; lastKnownFileType = sourcecode.swift; path = SearchViewController.swift; sourceTree = "<group>"; };
		9E5130561DE8CBD70014140B /* TagTableViewCell.xib */ = {isa = PBXFileReference; fileEncoding = 4; lastKnownFileType = file.xib; path = TagTableViewCell.xib; sourceTree = "<group>"; };
		9E51306A1DE8CF4F0014140B /* ContactTableViewCell.swift */ = {isa = PBXFileReference; fileEncoding = 4; lastKnownFileType = sourcecode.swift; path = ContactTableViewCell.swift; sourceTree = "<group>"; };
		9E51306B1DE8CF4F0014140B /* ContactTableViewCell.xib */ = {isa = PBXFileReference; fileEncoding = 4; lastKnownFileType = file.xib; path = ContactTableViewCell.xib; sourceTree = "<group>"; };
		9E59FC701DE4FD66000DF062 /* Proxitude.app */ = {isa = PBXFileReference; explicitFileType = wrapper.application; includeInIndex = 0; path = Proxitude.app; sourceTree = BUILT_PRODUCTS_DIR; };
		9E59FC731DE4FD66000DF062 /* AppDelegate.swift */ = {isa = PBXFileReference; lastKnownFileType = sourcecode.swift; path = AppDelegate.swift; sourceTree = "<group>"; };
		9E59FC7A1DE4FD66000DF062 /* Base */ = {isa = PBXFileReference; lastKnownFileType = file.storyboard; name = Base; path = Base.lproj/Main.storyboard; sourceTree = "<group>"; };
		9E59FC7C1DE4FD67000DF062 /* Assets.xcassets */ = {isa = PBXFileReference; lastKnownFileType = folder.assetcatalog; path = Assets.xcassets; sourceTree = "<group>"; };
		9E59FC7F1DE4FD67000DF062 /* Base */ = {isa = PBXFileReference; lastKnownFileType = file.storyboard; name = Base; path = Base.lproj/LaunchScreen.storyboard; sourceTree = "<group>"; };
		9E59FC861DE4FD67000DF062 /* ProxitudeTests.xctest */ = {isa = PBXFileReference; explicitFileType = wrapper.cfbundle; includeInIndex = 0; path = ProxitudeTests.xctest; sourceTree = BUILT_PRODUCTS_DIR; };
		9E59FC8A1DE4FD67000DF062 /* ProxitudeTests.swift */ = {isa = PBXFileReference; lastKnownFileType = sourcecode.swift; path = ProxitudeTests.swift; sourceTree = "<group>"; };
		9E59FC8C1DE4FD67000DF062 /* Info.plist */ = {isa = PBXFileReference; lastKnownFileType = text.plist.xml; path = Info.plist; sourceTree = "<group>"; };
		9E59FC911DE4FD67000DF062 /* ProxitudeUITests.xctest */ = {isa = PBXFileReference; explicitFileType = wrapper.cfbundle; includeInIndex = 0; path = ProxitudeUITests.xctest; sourceTree = BUILT_PRODUCTS_DIR; };
		9E59FC951DE4FD67000DF062 /* ProxitudeUITests.swift */ = {isa = PBXFileReference; lastKnownFileType = sourcecode.swift; path = ProxitudeUITests.swift; sourceTree = "<group>"; };
		9E59FC971DE4FD67000DF062 /* Info.plist */ = {isa = PBXFileReference; lastKnownFileType = text.plist.xml; path = Info.plist; sourceTree = "<group>"; };
		9E69B4AA1DE9671700AAAC0C /* Query.swift */ = {isa = PBXFileReference; fileEncoding = 4; lastKnownFileType = sourcecode.swift; path = Query.swift; sourceTree = "<group>"; };
		9E69B4AC1DE9755D00AAAC0C /* Contact.swift */ = {isa = PBXFileReference; fileEncoding = 4; lastKnownFileType = sourcecode.swift; path = Contact.swift; sourceTree = "<group>"; };
		9EEDD3F41DE93106007D7D58 /* Item.swift */ = {isa = PBXFileReference; fileEncoding = 4; lastKnownFileType = sourcecode.swift; path = Item.swift; sourceTree = "<group>"; };
		9EEDD3F61DE93187007D7D58 /* GoogleService-Info.plist */ = {isa = PBXFileReference; fileEncoding = 4; lastKnownFileType = text.plist.xml; name = "GoogleService-Info.plist"; path = "../../../../../Downloads/GoogleService-Info.plist"; sourceTree = "<group>"; };
		9EEDD4031DE936C1007D7D58 /* Proxitude-Bridging-Header.h */ = {isa = PBXFileReference; lastKnownFileType = sourcecode.c.h; path = "Proxitude-Bridging-Header.h"; sourceTree = "<group>"; };
		9EEDD4041DE94422007D7D58 /* Proxitude.entitlements */ = {isa = PBXFileReference; lastKnownFileType = text.plist.entitlements; path = Proxitude.entitlements; sourceTree = "<group>"; };
		ACB1D54171A8AB5CEC30786F /* Pods_Proxitude.framework */ = {isa = PBXFileReference; explicitFileType = wrapper.framework; includeInIndex = 0; path = Pods_Proxitude.framework; sourceTree = BUILT_PRODUCTS_DIR; };
		ADB67024D6C94181B94AAF64 /* Pods-Proxitude.release.xcconfig */ = {isa = PBXFileReference; includeInIndex = 1; lastKnownFileType = text.xcconfig; name = "Pods-Proxitude.release.xcconfig"; path = "Pods/Target Support Files/Pods-Proxitude/Pods-Proxitude.release.xcconfig"; sourceTree = "<group>"; };
		B759843EBDEC3CAE99560C59 /* Pods-Proxitude.debug.xcconfig */ = {isa = PBXFileReference; includeInIndex = 1; lastKnownFileType = text.xcconfig; name = "Pods-Proxitude.debug.xcconfig"; path = "Pods/Target Support Files/Pods-Proxitude/Pods-Proxitude.debug.xcconfig"; sourceTree = "<group>"; };
		C50C7B42DF16796FB2EE2C6E /* Pods_ProxitudeUITests.framework */ = {isa = PBXFileReference; explicitFileType = wrapper.framework; includeInIndex = 0; path = Pods_ProxitudeUITests.framework; sourceTree = BUILT_PRODUCTS_DIR; };
		E459B70488F377F607BEDD2A /* Pods-ProxitudeTests.debug.xcconfig */ = {isa = PBXFileReference; includeInIndex = 1; lastKnownFileType = text.xcconfig; name = "Pods-ProxitudeTests.debug.xcconfig"; path = "Pods/Target Support Files/Pods-ProxitudeTests/Pods-ProxitudeTests.debug.xcconfig"; sourceTree = "<group>"; };
		FAF6F48B4644F73584A12A76 /* Pods-ProxitudeUITests.release.xcconfig */ = {isa = PBXFileReference; includeInIndex = 1; lastKnownFileType = text.xcconfig; name = "Pods-ProxitudeUITests.release.xcconfig"; path = "Pods/Target Support Files/Pods-ProxitudeUITests/Pods-ProxitudeUITests.release.xcconfig"; sourceTree = "<group>"; };
/* End PBXFileReference section */

/* Begin PBXFrameworksBuildPhase section */
		9E59FC6D1DE4FD66000DF062 /* Frameworks */ = {
			isa = PBXFrameworksBuildPhase;
			buildActionMask = 2147483647;
			files = (
				9E0CD00F1DE91C6D000C1FF9 /* AVFoundation.framework in Frameworks */,
				911D1A126DCF35EF7D71F276 /* Pods_Proxitude.framework in Frameworks */,
			);
			runOnlyForDeploymentPostprocessing = 0;
		};
		9E59FC831DE4FD67000DF062 /* Frameworks */ = {
			isa = PBXFrameworksBuildPhase;
			buildActionMask = 2147483647;
			files = (
				D36C4FAD2B6773CA3D9606A3 /* Pods_ProxitudeTests.framework in Frameworks */,
			);
			runOnlyForDeploymentPostprocessing = 0;
		};
		9E59FC8E1DE4FD67000DF062 /* Frameworks */ = {
			isa = PBXFrameworksBuildPhase;
			buildActionMask = 2147483647;
			files = (
				7D2A00F20FB7C242FE01A3C1 /* Pods_ProxitudeUITests.framework in Frameworks */,
			);
			runOnlyForDeploymentPostprocessing = 0;
		};
/* End PBXFrameworksBuildPhase section */

/* Begin PBXGroup section */
		0E2D6A51C041340B630C0648 /* Pods */ = {
			isa = PBXGroup;
			children = (
				B759843EBDEC3CAE99560C59 /* Pods-Proxitude.debug.xcconfig */,
				ADB67024D6C94181B94AAF64 /* Pods-Proxitude.release.xcconfig */,
				E459B70488F377F607BEDD2A /* Pods-ProxitudeTests.debug.xcconfig */,
				2C3EE2E79B0A533F8AE8FF7F /* Pods-ProxitudeTests.release.xcconfig */,
				09AD33B7D80115C9232CE6DA /* Pods-ProxitudeUITests.debug.xcconfig */,
				FAF6F48B4644F73584A12A76 /* Pods-ProxitudeUITests.release.xcconfig */,
			);
			name = Pods;
			sourceTree = "<group>";
		};
		9E5130661DE8CE860014140B /* Controller */ = {
			isa = PBXGroup;
			children = (
				9E5130521DE8CBD60014140B /* MasterViewController.swift */,
				9E486C811DE8E000003CDBBE /* HomeTableViewController.swift */,
				9E0CD0081DE8EB51000C1FF9 /* SaveTableViewController.swift */,
				9E5130551DE8CBD70014140B /* SearchViewController.swift */,
				9E5130541DE8CBD70014140B /* SearchResultTableViewController.swift */,
				9E0CD00A1DE8EB64000C1FF9 /* ProfileTableViewController.swift */,
				9E51304D1DE8CBD60014140B /* ItemDetailViewController.swift */,
				9E5130531DE8CBD60014140B /* PostItemViewController.swift */,
				9E0CD0101DE92307000C1FF9 /* ChooseTagsTableViewController.swift */,
				9E5130501DE8CBD60014140B /* LogInViewController.swift */,
				9E0CD00C1DE91C40000C1FF9 /* QRCodeViewController.swift */,
				9E5130511DE8CBD60014140B /* LogInViewController.xib */,
			);
			name = Controller;
			sourceTree = "<group>";
		};
		9E5130671DE8CE8D0014140B /* Cell */ = {
			isa = PBXGroup;
			children = (
				9E486C831DE8E409003CDBBE /* HomePageSlideView.swift */,
				9E5130481DE8CBD60014140B /* CustomTableViewCell.swift */,
				9E51304A1DE8CBD60014140B /* ImagesTableViewCell.swift */,
				9E51304E1DE8CBD60014140B /* ItemTableViewCell.swift */,
				9E51306A1DE8CF4F0014140B /* ContactTableViewCell.swift */,
				9E486C7D1DE8DEE1003CDBBE /* ProfileTableViewCell.swift */,
				9E51304F1DE8CBD60014140B /* ItemTableViewCell.xib */,
				9E5130561DE8CBD70014140B /* TagTableViewCell.xib */,
				9E51306B1DE8CF4F0014140B /* ContactTableViewCell.xib */,
				9E486C7E1DE8DEE1003CDBBE /* ProfileTableViewCell.xib */,
			);
			name = Cell;
			sourceTree = "<group>";
		};
		9E5130681DE8CED50014140B /* Model */ = {
			isa = PBXGroup;
			children = (
				9EEDD3F41DE93106007D7D58 /* Item.swift */,
				9E69B4AA1DE9671700AAAC0C /* Query.swift */,
				9E69B4AC1DE9755D00AAAC0C /* Contact.swift */,
			);
			name = Model;
			sourceTree = "<group>";
		};
		9E5130691DE8CEF80014140B /* Icons */ = {
			isa = PBXGroup;
			children = (
				9E5130491DE8CBD60014140B /* icons.xcassets */,
				9E5130461DE8CBCF0014140B /* cell.xcassets */,
				9E59FC7C1DE4FD67000DF062 /* Assets.xcassets */,
			);
			name = Icons;
			sourceTree = "<group>";
		};
		9E59FC671DE4FD66000DF062 = {
			isa = PBXGroup;
			children = (
				9E59FC721DE4FD66000DF062 /* Proxitude */,
				9E59FC891DE4FD67000DF062 /* ProxitudeTests */,
				9E59FC941DE4FD67000DF062 /* ProxitudeUITests */,
				9E59FC711DE4FD66000DF062 /* Products */,
				0E2D6A51C041340B630C0648 /* Pods */,
				C895929399F29F06C64FA041 /* Frameworks */,
			);
			sourceTree = "<group>";
		};
		9E59FC711DE4FD66000DF062 /* Products */ = {
			isa = PBXGroup;
			children = (
				9E59FC701DE4FD66000DF062 /* Proxitude.app */,
				9E59FC861DE4FD67000DF062 /* ProxitudeTests.xctest */,
				9E59FC911DE4FD67000DF062 /* ProxitudeUITests.xctest */,
			);
			name = Products;
			sourceTree = "<group>";
		};
		9E59FC721DE4FD66000DF062 /* Proxitude */ = {
			isa = PBXGroup;
			children = (
				9E5130681DE8CED50014140B /* Model */,
				9E5130671DE8CE8D0014140B /* Cell */,
				9E5130661DE8CE860014140B /* Controller */,
				9E51304B1DE8CBD60014140B /* Info.plist */,
				9EEDD3F61DE93187007D7D58 /* GoogleService-Info.plist */,
				9E59FC731DE4FD66000DF062 /* AppDelegate.swift */,
				9E59FC791DE4FD66000DF062 /* Main.storyboard */,
				9E59FC7E1DE4FD67000DF062 /* LaunchScreen.storyboard */,
				9E5130691DE8CEF80014140B /* Icons */,
				9EEDD4031DE936C1007D7D58 /* Proxitude-Bridging-Header.h */,
				9EEDD4041DE94422007D7D58 /* Proxitude.entitlements */,
			);
			path = Proxitude;
			sourceTree = "<group>";
		};
		9E59FC891DE4FD67000DF062 /* ProxitudeTests */ = {
			isa = PBXGroup;
			children = (
				9E59FC8A1DE4FD67000DF062 /* ProxitudeTests.swift */,
				9E59FC8C1DE4FD67000DF062 /* Info.plist */,
			);
			path = ProxitudeTests;
			sourceTree = "<group>";
		};
		9E59FC941DE4FD67000DF062 /* ProxitudeUITests */ = {
			isa = PBXGroup;
			children = (
				9E59FC951DE4FD67000DF062 /* ProxitudeUITests.swift */,
				9E59FC971DE4FD67000DF062 /* Info.plist */,
			);
			path = ProxitudeUITests;
			sourceTree = "<group>";
		};
		C895929399F29F06C64FA041 /* Frameworks */ = {
			isa = PBXGroup;
			children = (
				9E0CD00E1DE91C6D000C1FF9 /* AVFoundation.framework */,
				ACB1D54171A8AB5CEC30786F /* Pods_Proxitude.framework */,
				9B2A57A340003F250F1EF544 /* Pods_ProxitudeTests.framework */,
				C50C7B42DF16796FB2EE2C6E /* Pods_ProxitudeUITests.framework */,
			);
			name = Frameworks;
			sourceTree = "<group>";
		};
/* End PBXGroup section */

/* Begin PBXNativeTarget section */
		9E59FC6F1DE4FD66000DF062 /* Proxitude */ = {
			isa = PBXNativeTarget;
			buildConfigurationList = 9E59FC9A1DE4FD67000DF062 /* Build configuration list for PBXNativeTarget "Proxitude" */;
			buildPhases = (
				4F17491488FFBA23CB6671B0 /* [CP] Check Pods Manifest.lock */,
				9E59FC6C1DE4FD66000DF062 /* Sources */,
				9E59FC6D1DE4FD66000DF062 /* Frameworks */,
				9E59FC6E1DE4FD66000DF062 /* Resources */,
				FC3F68C4E0FEDD1D7A7BC8AB /* [CP] Embed Pods Frameworks */,
				EADF36E1473481D6E61F4CAE /* [CP] Copy Pods Resources */,
			);
			buildRules = (
			);
			dependencies = (
			);
			name = Proxitude;
			productName = Proxitude;
			productReference = 9E59FC701DE4FD66000DF062 /* Proxitude.app */;
			productType = "com.apple.product-type.application";
		};
		9E59FC851DE4FD67000DF062 /* ProxitudeTests */ = {
			isa = PBXNativeTarget;
			buildConfigurationList = 9E59FC9D1DE4FD67000DF062 /* Build configuration list for PBXNativeTarget "ProxitudeTests" */;
			buildPhases = (
				E71BD4E5C69AB9F4EDFCB224 /* [CP] Check Pods Manifest.lock */,
				9E59FC821DE4FD67000DF062 /* Sources */,
				9E59FC831DE4FD67000DF062 /* Frameworks */,
				9E59FC841DE4FD67000DF062 /* Resources */,
				A23D1D10143DB3A04F805327 /* [CP] Embed Pods Frameworks */,
				4BF59E4F21F0F641AC942044 /* [CP] Copy Pods Resources */,
			);
			buildRules = (
			);
			dependencies = (
				9E59FC881DE4FD67000DF062 /* PBXTargetDependency */,
			);
			name = ProxitudeTests;
			productName = ProxitudeTests;
			productReference = 9E59FC861DE4FD67000DF062 /* ProxitudeTests.xctest */;
			productType = "com.apple.product-type.bundle.unit-test";
		};
		9E59FC901DE4FD67000DF062 /* ProxitudeUITests */ = {
			isa = PBXNativeTarget;
			buildConfigurationList = 9E59FCA01DE4FD67000DF062 /* Build configuration list for PBXNativeTarget "ProxitudeUITests" */;
			buildPhases = (
				D13489352CFAE6D4F263D825 /* [CP] Check Pods Manifest.lock */,
				9E59FC8D1DE4FD67000DF062 /* Sources */,
				9E59FC8E1DE4FD67000DF062 /* Frameworks */,
				9E59FC8F1DE4FD67000DF062 /* Resources */,
				58BA06B46E394CEFA2203857 /* [CP] Embed Pods Frameworks */,
				21B9E8240B2774C843535B8A /* [CP] Copy Pods Resources */,
			);
			buildRules = (
			);
			dependencies = (
				9E59FC931DE4FD67000DF062 /* PBXTargetDependency */,
			);
			name = ProxitudeUITests;
			productName = ProxitudeUITests;
			productReference = 9E59FC911DE4FD67000DF062 /* ProxitudeUITests.xctest */;
			productType = "com.apple.product-type.bundle.ui-testing";
		};
/* End PBXNativeTarget section */

/* Begin PBXProject section */
		9E59FC681DE4FD66000DF062 /* Project object */ = {
			isa = PBXProject;
			attributes = {
				LastSwiftUpdateCheck = 0810;
				LastUpgradeCheck = 0810;
				ORGANIZATIONNAME = "Michael Liu";
				TargetAttributes = {
					9E59FC6F1DE4FD66000DF062 = {
						CreatedOnToolsVersion = 8.1;
						DevelopmentTeam = B28P9MRX7G;
						LastSwiftMigration = 0810;
						ProvisioningStyle = Automatic;
						SystemCapabilities = {
							com.apple.Push = {
								enabled = 1;
							};
						};
					};
					9E59FC851DE4FD67000DF062 = {
						CreatedOnToolsVersion = 8.1;
						ProvisioningStyle = Automatic;
						TestTargetID = 9E59FC6F1DE4FD66000DF062;
					};
					9E59FC901DE4FD67000DF062 = {
						CreatedOnToolsVersion = 8.1;
						ProvisioningStyle = Automatic;
						TestTargetID = 9E59FC6F1DE4FD66000DF062;
					};
				};
			};
			buildConfigurationList = 9E59FC6B1DE4FD66000DF062 /* Build configuration list for PBXProject "Proxitude" */;
			compatibilityVersion = "Xcode 3.2";
			developmentRegion = English;
			hasScannedForEncodings = 0;
			knownRegions = (
				en,
				Base,
			);
			mainGroup = 9E59FC671DE4FD66000DF062;
			productRefGroup = 9E59FC711DE4FD66000DF062 /* Products */;
			projectDirPath = "";
			projectRoot = "";
			targets = (
				9E59FC6F1DE4FD66000DF062 /* Proxitude */,
				9E59FC851DE4FD67000DF062 /* ProxitudeTests */,
				9E59FC901DE4FD67000DF062 /* ProxitudeUITests */,
			);
		};
/* End PBXProject section */

/* Begin PBXResourcesBuildPhase section */
		9E59FC6E1DE4FD66000DF062 /* Resources */ = {
			isa = PBXResourcesBuildPhase;
			buildActionMask = 2147483647;
			files = (
				9E5130651DE8CBD70014140B /* TagTableViewCell.xib in Resources */,
				9E5130601DE8CBD70014140B /* LogInViewController.xib in Resources */,
				9E59FC801DE4FD67000DF062 /* LaunchScreen.storyboard in Resources */,
				9E5130471DE8CBCF0014140B /* cell.xcassets in Resources */,
				9E51305A1DE8CBD70014140B /* Info.plist in Resources */,
				9EEDD3F71DE93187007D7D58 /* GoogleService-Info.plist in Resources */,
				9E59FC7D1DE4FD67000DF062 /* Assets.xcassets in Resources */,
				9E59FC7B1DE4FD66000DF062 /* Main.storyboard in Resources */,
				9E51305E1DE8CBD70014140B /* ItemTableViewCell.xib in Resources */,
				9E51306D1DE8CF4F0014140B /* ContactTableViewCell.xib in Resources */,
				9E486C801DE8DEE1003CDBBE /* ProfileTableViewCell.xib in Resources */,
				9E5130581DE8CBD70014140B /* icons.xcassets in Resources */,
			);
			runOnlyForDeploymentPostprocessing = 0;
		};
		9E59FC841DE4FD67000DF062 /* Resources */ = {
			isa = PBXResourcesBuildPhase;
			buildActionMask = 2147483647;
			files = (
			);
			runOnlyForDeploymentPostprocessing = 0;
		};
		9E59FC8F1DE4FD67000DF062 /* Resources */ = {
			isa = PBXResourcesBuildPhase;
			buildActionMask = 2147483647;
			files = (
			);
			runOnlyForDeploymentPostprocessing = 0;
		};
/* End PBXResourcesBuildPhase section */

/* Begin PBXShellScriptBuildPhase section */
		21B9E8240B2774C843535B8A /* [CP] Copy Pods Resources */ = {
			isa = PBXShellScriptBuildPhase;
			buildActionMask = 2147483647;
			files = (
			);
			inputPaths = (
			);
			name = "[CP] Copy Pods Resources";
			outputPaths = (
			);
			runOnlyForDeploymentPostprocessing = 0;
			shellPath = /bin/sh;
			shellScript = "\"${SRCROOT}/Pods/Target Support Files/Pods-ProxitudeUITests/Pods-ProxitudeUITests-resources.sh\"\n";
			showEnvVarsInLog = 0;
		};
		4BF59E4F21F0F641AC942044 /* [CP] Copy Pods Resources */ = {
			isa = PBXShellScriptBuildPhase;
			buildActionMask = 2147483647;
			files = (
			);
			inputPaths = (
			);
			name = "[CP] Copy Pods Resources";
			outputPaths = (
			);
			runOnlyForDeploymentPostprocessing = 0;
			shellPath = /bin/sh;
			shellScript = "\"${SRCROOT}/Pods/Target Support Files/Pods-ProxitudeTests/Pods-ProxitudeTests-resources.sh\"\n";
			showEnvVarsInLog = 0;
		};
		4F17491488FFBA23CB6671B0 /* [CP] Check Pods Manifest.lock */ = {
			isa = PBXShellScriptBuildPhase;
			buildActionMask = 2147483647;
			files = (
			);
			inputPaths = (
			);
			name = "[CP] Check Pods Manifest.lock";
			outputPaths = (
			);
			runOnlyForDeploymentPostprocessing = 0;
			shellPath = /bin/sh;
			shellScript = "diff \"${PODS_ROOT}/../Podfile.lock\" \"${PODS_ROOT}/Manifest.lock\" > /dev/null\nif [ $? != 0 ] ; then\n    # print error to STDERR\n    echo \"error: The sandbox is not in sync with the Podfile.lock. Run 'pod install' or update your CocoaPods installation.\" >&2\n    exit 1\nfi\n";
			showEnvVarsInLog = 0;
		};
		58BA06B46E394CEFA2203857 /* [CP] Embed Pods Frameworks */ = {
			isa = PBXShellScriptBuildPhase;
			buildActionMask = 2147483647;
			files = (
			);
			inputPaths = (
			);
			name = "[CP] Embed Pods Frameworks";
			outputPaths = (
			);
			runOnlyForDeploymentPostprocessing = 0;
			shellPath = /bin/sh;
			shellScript = "\"${SRCROOT}/Pods/Target Support Files/Pods-ProxitudeUITests/Pods-ProxitudeUITests-frameworks.sh\"\n";
			showEnvVarsInLog = 0;
		};
		A23D1D10143DB3A04F805327 /* [CP] Embed Pods Frameworks */ = {
			isa = PBXShellScriptBuildPhase;
			buildActionMask = 2147483647;
			files = (
			);
			inputPaths = (
			);
			name = "[CP] Embed Pods Frameworks";
			outputPaths = (
			);
			runOnlyForDeploymentPostprocessing = 0;
			shellPath = /bin/sh;
			shellScript = "\"${SRCROOT}/Pods/Target Support Files/Pods-ProxitudeTests/Pods-ProxitudeTests-frameworks.sh\"\n";
			showEnvVarsInLog = 0;
		};
		D13489352CFAE6D4F263D825 /* [CP] Check Pods Manifest.lock */ = {
			isa = PBXShellScriptBuildPhase;
			buildActionMask = 2147483647;
			files = (
			);
			inputPaths = (
			);
			name = "[CP] Check Pods Manifest.lock";
			outputPaths = (
			);
			runOnlyForDeploymentPostprocessing = 0;
			shellPath = /bin/sh;
			shellScript = "diff \"${PODS_ROOT}/../Podfile.lock\" \"${PODS_ROOT}/Manifest.lock\" > /dev/null\nif [ $? != 0 ] ; then\n    # print error to STDERR\n    echo \"error: The sandbox is not in sync with the Podfile.lock. Run 'pod install' or update your CocoaPods installation.\" >&2\n    exit 1\nfi\n";
			showEnvVarsInLog = 0;
		};
		E71BD4E5C69AB9F4EDFCB224 /* [CP] Check Pods Manifest.lock */ = {
			isa = PBXShellScriptBuildPhase;
			buildActionMask = 2147483647;
			files = (
			);
			inputPaths = (
			);
			name = "[CP] Check Pods Manifest.lock";
			outputPaths = (
			);
			runOnlyForDeploymentPostprocessing = 0;
			shellPath = /bin/sh;
			shellScript = "diff \"${PODS_ROOT}/../Podfile.lock\" \"${PODS_ROOT}/Manifest.lock\" > /dev/null\nif [ $? != 0 ] ; then\n    # print error to STDERR\n    echo \"error: The sandbox is not in sync with the Podfile.lock. Run 'pod install' or update your CocoaPods installation.\" >&2\n    exit 1\nfi\n";
			showEnvVarsInLog = 0;
		};
		EADF36E1473481D6E61F4CAE /* [CP] Copy Pods Resources */ = {
			isa = PBXShellScriptBuildPhase;
			buildActionMask = 2147483647;
			files = (
			);
			inputPaths = (
			);
			name = "[CP] Copy Pods Resources";
			outputPaths = (
			);
			runOnlyForDeploymentPostprocessing = 0;
			shellPath = /bin/sh;
			shellScript = "\"${SRCROOT}/Pods/Target Support Files/Pods-Proxitude/Pods-Proxitude-resources.sh\"\n";
			showEnvVarsInLog = 0;
		};
		FC3F68C4E0FEDD1D7A7BC8AB /* [CP] Embed Pods Frameworks */ = {
			isa = PBXShellScriptBuildPhase;
			buildActionMask = 2147483647;
			files = (
			);
			inputPaths = (
			);
			name = "[CP] Embed Pods Frameworks";
			outputPaths = (
			);
			runOnlyForDeploymentPostprocessing = 0;
			shellPath = /bin/sh;
			shellScript = "\"${SRCROOT}/Pods/Target Support Files/Pods-Proxitude/Pods-Proxitude-frameworks.sh\"\n";
			showEnvVarsInLog = 0;
		};
/* End PBXShellScriptBuildPhase section */

/* Begin PBXSourcesBuildPhase section */
		9E59FC6C1DE4FD66000DF062 /* Sources */ = {
			isa = PBXSourcesBuildPhase;
			buildActionMask = 2147483647;
			files = (
				9E69B4AB1DE9671700AAAC0C /* Query.swift in Sources */,
				9E0CD0091DE8EB51000C1FF9 /* SaveTableViewController.swift in Sources */,
				9E5130621DE8CBD70014140B /* PostItemViewController.swift in Sources */,
				9E5130641DE8CBD70014140B /* SearchViewController.swift in Sources */,
				9E0CD00D1DE91C40000C1FF9 /* QRCodeViewController.swift in Sources */,
				9E51306C1DE8CF4F0014140B /* ContactTableViewCell.swift in Sources */,
				9E69B4AD1DE9755D00AAAC0C /* Contact.swift in Sources */,
				9E5130611DE8CBD70014140B /* MasterViewController.swift in Sources */,
				9E486C841DE8E409003CDBBE /* HomePageSlideView.swift in Sources */,
				9E0CD00B1DE8EB64000C1FF9 /* ProfileTableViewController.swift in Sources */,
				9E51305C1DE8CBD70014140B /* ItemDetailViewController.swift in Sources */,
				9E5130591DE8CBD70014140B /* ImagesTableViewCell.swift in Sources */,
				9E5130631DE8CBD70014140B /* SearchResultTableViewController.swift in Sources */,
				9E5130571DE8CBD70014140B /* CustomTableViewCell.swift in Sources */,
				9E486C821DE8E000003CDBBE /* HomeTableViewController.swift in Sources */,
				9E0CD0111DE92307000C1FF9 /* ChooseTagsTableViewController.swift in Sources */,
				9EEDD3F51DE93106007D7D58 /* Item.swift in Sources */,
				9E51305F1DE8CBD70014140B /* LogInViewController.swift in Sources */,
				9E486C7F1DE8DEE1003CDBBE /* ProfileTableViewCell.swift in Sources */,
				9E51305D1DE8CBD70014140B /* ItemTableViewCell.swift in Sources */,
				9E59FC741DE4FD66000DF062 /* AppDelegate.swift in Sources */,
			);
			runOnlyForDeploymentPostprocessing = 0;
		};
		9E59FC821DE4FD67000DF062 /* Sources */ = {
			isa = PBXSourcesBuildPhase;
			buildActionMask = 2147483647;
			files = (
				9E59FC8B1DE4FD67000DF062 /* ProxitudeTests.swift in Sources */,
			);
			runOnlyForDeploymentPostprocessing = 0;
		};
		9E59FC8D1DE4FD67000DF062 /* Sources */ = {
			isa = PBXSourcesBuildPhase;
			buildActionMask = 2147483647;
			files = (
				9E59FC961DE4FD67000DF062 /* ProxitudeUITests.swift in Sources */,
			);
			runOnlyForDeploymentPostprocessing = 0;
		};
/* End PBXSourcesBuildPhase section */

/* Begin PBXTargetDependency section */
		9E59FC881DE4FD67000DF062 /* PBXTargetDependency */ = {
			isa = PBXTargetDependency;
			target = 9E59FC6F1DE4FD66000DF062 /* Proxitude */;
			targetProxy = 9E59FC871DE4FD67000DF062 /* PBXContainerItemProxy */;
		};
		9E59FC931DE4FD67000DF062 /* PBXTargetDependency */ = {
			isa = PBXTargetDependency;
			target = 9E59FC6F1DE4FD66000DF062 /* Proxitude */;
			targetProxy = 9E59FC921DE4FD67000DF062 /* PBXContainerItemProxy */;
		};
/* End PBXTargetDependency section */

/* Begin PBXVariantGroup section */
		9E59FC791DE4FD66000DF062 /* Main.storyboard */ = {
			isa = PBXVariantGroup;
			children = (
				9E59FC7A1DE4FD66000DF062 /* Base */,
			);
			name = Main.storyboard;
			sourceTree = "<group>";
		};
		9E59FC7E1DE4FD67000DF062 /* LaunchScreen.storyboard */ = {
			isa = PBXVariantGroup;
			children = (
				9E59FC7F1DE4FD67000DF062 /* Base */,
			);
			name = LaunchScreen.storyboard;
			sourceTree = "<group>";
		};
/* End PBXVariantGroup section */

/* Begin XCBuildConfiguration section */
		9E59FC981DE4FD67000DF062 /* Debug */ = {
			isa = XCBuildConfiguration;
			buildSettings = {
				ALWAYS_SEARCH_USER_PATHS = NO;
				CLANG_ANALYZER_NONNULL = YES;
				CLANG_CXX_LANGUAGE_STANDARD = "gnu++0x";
				CLANG_CXX_LIBRARY = "libc++";
				CLANG_ENABLE_MODULES = YES;
				CLANG_ENABLE_OBJC_ARC = YES;
				CLANG_WARN_BOOL_CONVERSION = YES;
				CLANG_WARN_CONSTANT_CONVERSION = YES;
				CLANG_WARN_DIRECT_OBJC_ISA_USAGE = YES_ERROR;
				CLANG_WARN_DOCUMENTATION_COMMENTS = YES;
				CLANG_WARN_EMPTY_BODY = YES;
				CLANG_WARN_ENUM_CONVERSION = YES;
				CLANG_WARN_INFINITE_RECURSION = YES;
				CLANG_WARN_INT_CONVERSION = YES;
				CLANG_WARN_OBJC_ROOT_CLASS = YES_ERROR;
				CLANG_WARN_SUSPICIOUS_MOVES = YES;
				CLANG_WARN_UNREACHABLE_CODE = YES;
				CLANG_WARN__DUPLICATE_METHOD_MATCH = YES;
				"CODE_SIGN_IDENTITY[sdk=iphoneos*]" = "iPhone Developer";
				COPY_PHASE_STRIP = NO;
				DEBUG_INFORMATION_FORMAT = dwarf;
				ENABLE_STRICT_OBJC_MSGSEND = YES;
				ENABLE_TESTABILITY = YES;
				GCC_C_LANGUAGE_STANDARD = gnu99;
				GCC_DYNAMIC_NO_PIC = NO;
				GCC_NO_COMMON_BLOCKS = YES;
				GCC_OPTIMIZATION_LEVEL = 0;
				GCC_PREPROCESSOR_DEFINITIONS = (
					"DEBUG=1",
					"$(inherited)",
				);
				GCC_WARN_64_TO_32_BIT_CONVERSION = YES;
				GCC_WARN_ABOUT_RETURN_TYPE = YES_ERROR;
				GCC_WARN_UNDECLARED_SELECTOR = YES;
				GCC_WARN_UNINITIALIZED_AUTOS = YES_AGGRESSIVE;
				GCC_WARN_UNUSED_FUNCTION = YES;
				GCC_WARN_UNUSED_VARIABLE = YES;
				IPHONEOS_DEPLOYMENT_TARGET = 10.1;
				MTL_ENABLE_DEBUG_INFO = YES;
				ONLY_ACTIVE_ARCH = YES;
				SDKROOT = iphoneos;
				SWIFT_ACTIVE_COMPILATION_CONDITIONS = DEBUG;
				SWIFT_OPTIMIZATION_LEVEL = "-Onone";
			};
			name = Debug;
		};
		9E59FC991DE4FD67000DF062 /* Release */ = {
			isa = XCBuildConfiguration;
			buildSettings = {
				ALWAYS_SEARCH_USER_PATHS = NO;
				CLANG_ANALYZER_NONNULL = YES;
				CLANG_CXX_LANGUAGE_STANDARD = "gnu++0x";
				CLANG_CXX_LIBRARY = "libc++";
				CLANG_ENABLE_MODULES = YES;
				CLANG_ENABLE_OBJC_ARC = YES;
				CLANG_WARN_BOOL_CONVERSION = YES;
				CLANG_WARN_CONSTANT_CONVERSION = YES;
				CLANG_WARN_DIRECT_OBJC_ISA_USAGE = YES_ERROR;
				CLANG_WARN_DOCUMENTATION_COMMENTS = YES;
				CLANG_WARN_EMPTY_BODY = YES;
				CLANG_WARN_ENUM_CONVERSION = YES;
				CLANG_WARN_INFINITE_RECURSION = YES;
				CLANG_WARN_INT_CONVERSION = YES;
				CLANG_WARN_OBJC_ROOT_CLASS = YES_ERROR;
				CLANG_WARN_SUSPICIOUS_MOVES = YES;
				CLANG_WARN_UNREACHABLE_CODE = YES;
				CLANG_WARN__DUPLICATE_METHOD_MATCH = YES;
				"CODE_SIGN_IDENTITY[sdk=iphoneos*]" = "iPhone Developer";
				COPY_PHASE_STRIP = NO;
				DEBUG_INFORMATION_FORMAT = "dwarf-with-dsym";
				ENABLE_NS_ASSERTIONS = NO;
				ENABLE_STRICT_OBJC_MSGSEND = YES;
				GCC_C_LANGUAGE_STANDARD = gnu99;
				GCC_NO_COMMON_BLOCKS = YES;
				GCC_WARN_64_TO_32_BIT_CONVERSION = YES;
				GCC_WARN_ABOUT_RETURN_TYPE = YES_ERROR;
				GCC_WARN_UNDECLARED_SELECTOR = YES;
				GCC_WARN_UNINITIALIZED_AUTOS = YES_AGGRESSIVE;
				GCC_WARN_UNUSED_FUNCTION = YES;
				GCC_WARN_UNUSED_VARIABLE = YES;
				IPHONEOS_DEPLOYMENT_TARGET = 10.1;
				MTL_ENABLE_DEBUG_INFO = NO;
				SDKROOT = iphoneos;
				SWIFT_OPTIMIZATION_LEVEL = "-Owholemodule";
				VALIDATE_PRODUCT = YES;
			};
			name = Release;
		};
		9E59FC9B1DE4FD67000DF062 /* Debug */ = {
			isa = XCBuildConfiguration;
			baseConfigurationReference = B759843EBDEC3CAE99560C59 /* Pods-Proxitude.debug.xcconfig */;
			buildSettings = {
				ASSETCATALOG_COMPILER_APPICON_NAME = AppIcon;
				CLANG_ENABLE_MODULES = YES;
				CODE_SIGN_ENTITLEMENTS = Proxitude/Proxitude.entitlements;
				DEVELOPMENT_TEAM = B28P9MRX7G;
				INFOPLIST_FILE = Proxitude/Info.plist;
				IPHONEOS_DEPLOYMENT_TARGET = 8.0;
				LD_RUNPATH_SEARCH_PATHS = "$(inherited) @executable_path/Frameworks";
				PRODUCT_BUNDLE_IDENTIFIER = com.proximarketplace.proxifinal.Proxitude;
				PRODUCT_NAME = "$(TARGET_NAME)";
				SWIFT_OBJC_BRIDGING_HEADER = "Proxitude/Proxitude-Bridging-Header.h";
				SWIFT_OPTIMIZATION_LEVEL = "-Onone";
				SWIFT_VERSION = 3.0;
			};
			name = Debug;
		};
		9E59FC9C1DE4FD67000DF062 /* Release */ = {
			isa = XCBuildConfiguration;
			baseConfigurationReference = ADB67024D6C94181B94AAF64 /* Pods-Proxitude.release.xcconfig */;
			buildSettings = {
				ASSETCATALOG_COMPILER_APPICON_NAME = AppIcon;
				CLANG_ENABLE_MODULES = YES;
				CODE_SIGN_ENTITLEMENTS = Proxitude/Proxitude.entitlements;
				DEVELOPMENT_TEAM = B28P9MRX7G;
				INFOPLIST_FILE = Proxitude/Info.plist;
				IPHONEOS_DEPLOYMENT_TARGET = 8.0;
				LD_RUNPATH_SEARCH_PATHS = "$(inherited) @executable_path/Frameworks";
				PRODUCT_BUNDLE_IDENTIFIER = com.proximarketplace.proxifinal.Proxitude;
				PRODUCT_NAME = "$(TARGET_NAME)";
				SWIFT_OBJC_BRIDGING_HEADER = "Proxitude/Proxitude-Bridging-Header.h";
				SWIFT_VERSION = 3.0;
			};
			name = Release;
		};
		9E59FC9E1DE4FD67000DF062 /* Debug */ = {
			isa = XCBuildConfiguration;
			baseConfigurationReference = E459B70488F377F607BEDD2A /* Pods-ProxitudeTests.debug.xcconfig */;
			buildSettings = {
				ALWAYS_EMBED_SWIFT_STANDARD_LIBRARIES = YES;
				BUNDLE_LOADER = "$(TEST_HOST)";
				INFOPLIST_FILE = ProxitudeTests/Info.plist;
				LD_RUNPATH_SEARCH_PATHS = "$(inherited) @executable_path/Frameworks @loader_path/Frameworks";
				PRODUCT_BUNDLE_IDENTIFIER = com.proximarketplace.proxifinal.ProxitudeTests;
				PRODUCT_NAME = "$(TARGET_NAME)";
				SWIFT_VERSION = 3.0;
				TEST_HOST = "$(BUILT_PRODUCTS_DIR)/Proxitude.app/Proxitude";
			};
			name = Debug;
		};
		9E59FC9F1DE4FD67000DF062 /* Release */ = {
			isa = XCBuildConfiguration;
			baseConfigurationReference = 2C3EE2E79B0A533F8AE8FF7F /* Pods-ProxitudeTests.release.xcconfig */;
			buildSettings = {
				ALWAYS_EMBED_SWIFT_STANDARD_LIBRARIES = YES;
				BUNDLE_LOADER = "$(TEST_HOST)";
				INFOPLIST_FILE = ProxitudeTests/Info.plist;
				LD_RUNPATH_SEARCH_PATHS = "$(inherited) @executable_path/Frameworks @loader_path/Frameworks";
				PRODUCT_BUNDLE_IDENTIFIER = com.proximarketplace.proxifinal.ProxitudeTests;
				PRODUCT_NAME = "$(TARGET_NAME)";
				SWIFT_VERSION = 3.0;
				TEST_HOST = "$(BUILT_PRODUCTS_DIR)/Proxitude.app/Proxitude";
			};
			name = Release;
		};
		9E59FCA11DE4FD67000DF062 /* Debug */ = {
			isa = XCBuildConfiguration;
			baseConfigurationReference = 09AD33B7D80115C9232CE6DA /* Pods-ProxitudeUITests.debug.xcconfig */;
			buildSettings = {
				ALWAYS_EMBED_SWIFT_STANDARD_LIBRARIES = YES;
				INFOPLIST_FILE = ProxitudeUITests/Info.plist;
				LD_RUNPATH_SEARCH_PATHS = "$(inherited) @executable_path/Frameworks @loader_path/Frameworks";
				PRODUCT_BUNDLE_IDENTIFIER = com.proximarketplace.proxifinal.ProxitudeUITests;
				PRODUCT_NAME = "$(TARGET_NAME)";
				SWIFT_VERSION = 3.0;
				TEST_TARGET_NAME = Proxitude;
			};
			name = Debug;
		};
		9E59FCA21DE4FD67000DF062 /* Release */ = {
			isa = XCBuildConfiguration;
			baseConfigurationReference = FAF6F48B4644F73584A12A76 /* Pods-ProxitudeUITests.release.xcconfig */;
			buildSettings = {
				ALWAYS_EMBED_SWIFT_STANDARD_LIBRARIES = YES;
				INFOPLIST_FILE = ProxitudeUITests/Info.plist;
				LD_RUNPATH_SEARCH_PATHS = "$(inherited) @executable_path/Frameworks @loader_path/Frameworks";
				PRODUCT_BUNDLE_IDENTIFIER = com.proximarketplace.proxifinal.ProxitudeUITests;
				PRODUCT_NAME = "$(TARGET_NAME)";
				SWIFT_VERSION = 3.0;
				TEST_TARGET_NAME = Proxitude;
			};
			name = Release;
		};
/* End XCBuildConfiguration section */

/* Begin XCConfigurationList section */
		9E59FC6B1DE4FD66000DF062 /* Build configuration list for PBXProject "Proxitude" */ = {
			isa = XCConfigurationList;
			buildConfigurations = (
				9E59FC981DE4FD67000DF062 /* Debug */,
				9E59FC991DE4FD67000DF062 /* Release */,
			);
			defaultConfigurationIsVisible = 0;
			defaultConfigurationName = Release;
		};
		9E59FC9A1DE4FD67000DF062 /* Build configuration list for PBXNativeTarget "Proxitude" */ = {
			isa = XCConfigurationList;
			buildConfigurations = (
				9E59FC9B1DE4FD67000DF062 /* Debug */,
				9E59FC9C1DE4FD67000DF062 /* Release */,
			);
			defaultConfigurationIsVisible = 0;
			defaultConfigurationName = Release;
		};
		9E59FC9D1DE4FD67000DF062 /* Build configuration list for PBXNativeTarget "ProxitudeTests" */ = {
			isa = XCConfigurationList;
			buildConfigurations = (
				9E59FC9E1DE4FD67000DF062 /* Debug */,
				9E59FC9F1DE4FD67000DF062 /* Release */,
			);
			defaultConfigurationIsVisible = 0;
			defaultConfigurationName = Release;
		};
		9E59FCA01DE4FD67000DF062 /* Build configuration list for PBXNativeTarget "ProxitudeUITests" */ = {
			isa = XCConfigurationList;
			buildConfigurations = (
				9E59FCA11DE4FD67000DF062 /* Debug */,
				9E59FCA21DE4FD67000DF062 /* Release */,
			);
			defaultConfigurationIsVisible = 0;
			defaultConfigurationName = Release;
		};
/* End XCConfigurationList section */
	};
	rootObject = 9E59FC681DE4FD66000DF062 /* Project object */;
}
